Microsoft Visual Studio Solution File, Format Version 11.00
# Visual Studio 2008

Project("{EA56D8BE-4009-8B41-4DDD-6CCBB0AD0D6B}") = "C346-Game", "Assembly-CSharp.csproj", "{2C254750-A5E8-05EA-5B40-6D135B9C684D}"
EndProject
Global
	GlobalSection(SolutionConfigurationPlatforms) = preSolution
		Debug|Any CPU = Debug|Any CPU
		Release|Any CPU = Release|Any CPU
	EndGlobalSection
	GlobalSection(ProjectConfigurationPlatforms) = postSolution
		{2C254750-A5E8-05EA-5B40-6D135B9C684D}.Debug|Any CPU.ActiveCfg = Debug|Any CPU
		{2C254750-A5E8-05EA-5B40-6D135B9C684D}.Debug|Any CPU.Build.0 = Debug|Any CPU
		{2C254750-A5E8-05EA-5B40-6D135B9C684D}.Release|Any CPU.ActiveCfg = Release|Any CPU
		{2C254750-A5E8-05EA-5B40-6D135B9C684D}.Release|Any CPU.Build.0 = Release|Any CPU
	EndGlobalSection
	GlobalSection(SolutionProperties) = preSolution
		HideSolutionNode = FALSE
	EndGlobalSection
	GlobalSection(MonoDevelopProperties) = preSolution
		StartupItem = Assembly-CSharp.csproj
	EndGlobalSection
EndGlobal
